
Microsoft Visual Studio Solution File, Format Version 12.00
# Visual Studio Version 16
VisualStudioVersion = 16.0.32901.82
MinimumVisualStudioVersion = 10.0.40219.1
Project("{FAE04EC0-301F-11D3-BF4B-00C04F79EFBC}") = "SVENH0P", "SVENH0P\SVENH0P.csproj", "{EF069FEB-35C3-4651-B6F9-B9DF61D2C780}"
EndProject
Global
	GlobalSection(SolutionConfigurationPlatforms) = preSolution
		Debug|Any CPU = Debug|Any CPU
		Debug|x86 = Debug|x86
		Release|Any CPU = Release|Any CPU
		Release|x86 = Release|x86
	EndGlobalSection
	GlobalSection(ProjectConfigurationPlatforms) = postSolution
		{EF069FEB-35C3-4651-B6F9-B9DF61D2C780}.Debug|Any CPU.ActiveCfg = Debug|Any CPU
		{EF069FEB-35C3-4651-B6F9-B9DF61D2C780}.Debug|Any CPU.Build.0 = Debug|Any CPU
		{EF069FEB-35C3-4651-B6F9-B9DF61D2C780}.Debug|x86.ActiveCfg = Debug|x86
		{EF069FEB-35C3-4651-B6F9-B9DF61D2C780}.Debug|x86.Build.0 = Debug|x86
		{EF069FEB-35C3-4651-B6F9-B9DF61D2C780}.Release|Any CPU.ActiveCfg = Release|Any CPU
		{EF069FEB-35C3-4651-B6F9-B9DF61D2C780}.Release|Any CPU.Build.0 = Release|Any CPU
		{EF069FEB-35C3-4651-B6F9-B9DF61D2C780}.Release|x86.ActiveCfg = Release|x86
		{EF069FEB-35C3-4651-B6F9-B9DF61D2C780}.Release|x86.Build.0 = Release|x86
	EndGlobalSection
	GlobalSection(SolutionProperties) = preSolution
		HideSolutionNode = FALSE
	EndGlobalSection
	GlobalSection(ExtensibilityGlobals) = postSolution
		SolutionGuid = {0E32AD63-E8E1-4652-9A61-0AA7D7EDB541}
	EndGlobalSection
EndGlobal
